
Microsoft Visual Studio Solution File, Format Version 12.00
# Visual Studio 15
VisualStudioVersion = 15.0.28307.779
MinimumVisualStudioVersion = 10.0.40219.1
Project("{FAE04EC0-301F-11D3-BF4B-00C04F79EFBC}") = "UAM.OOP.Tarea1", "UAM.OOP.Tarea1\UAM.OOP.Tarea1.csproj", "{FEB43926-DEEC-459D-A352-EE30B46C9706}"
EndProject
Global
	GlobalSection(SolutionConfigurationPlatforms) = preSolution
		Debug|Any CPU = Debug|Any CPU
		Release|Any CPU = Release|Any CPU
	EndGlobalSection
	GlobalSection(ProjectConfigurationPlatforms) = postSolution
		{FEB43926-DEEC-459D-A352-EE30B46C9706}.Debug|Any CPU.ActiveCfg = Debug|Any CPU
		{FEB43926-DEEC-459D-A352-EE30B46C9706}.Debug|Any CPU.Build.0 = Debug|Any CPU
		{FEB43926-DEEC-459D-A352-EE30B46C9706}.Release|Any CPU.ActiveCfg = Release|Any CPU
		{FEB43926-DEEC-459D-A352-EE30B46C9706}.Release|Any CPU.Build.0 = Release|Any CPU
	EndGlobalSection
	GlobalSection(SolutionProperties) = preSolution
		HideSolutionNode = FALSE
	EndGlobalSection
	GlobalSection(ExtensibilityGlobals) = postSolution
		SolutionGuid = {E45F11F9-64E8-45EB-A9BF-618243F78005}
	EndGlobalSection
EndGlobal
